// !$*UTF8*$!
{
	archiveVersion = 1;
	classes = {
	};
	objectVersion = 77;
	objects = {

/* Begin PBXContainerItemProxy section */
		D2C4DD192FF6793500BBE6AD /* PBXContainerItemProxy */ = {
			isa = PBXContainerItemProxy;
			containerPortal = D2C4DCFE2FF6793400BBE6AD /* Project object */;
			proxyType = 1;
			remoteGlobalIDString = D2C4DD052FF6793400BBE6AD;
			remoteInfo = mdEdit;
		};
		D2C4DD232FF6793500BBE6AD /* PBXContainerItemProxy */ = {
			isa = PBXContainerItemProxy;
			containerPortal = D2C4DCFE2FF6793400BBE6AD /* Project object */;
			proxyType = 1;
			remoteGlobalIDString = D2C4DD052FF6793400BBE6AD;
			remoteInfo = mdEdit;
		};
/* End PBXContainerItemProxy section */

/* Begin PBXFileReference section */
		D2C4DD062FF6793400BBE6AD /* mdEdit.app */ = {isa = PBXFileReference; explicitFileType = wrapper.application; includeInIndex = 0; path = mdEdit.app; sourceTree = BUILT_PRODUCTS_DIR; };
		D2C4DD182FF6793500BBE6AD /* mdEditTests.xctest */ = {isa = PBXFileReference; explicitFileType = wrapper.cfbundle; includeInIndex = 0; path = mdEditTests.xctest; sourceTree = BUILT_PRODUCTS_DIR; };
		D2C4DD222FF6793500BBE6AD /* mdEditUITests.xctest */ = {isa = PBXFileReference; explicitFileType = wrapper.cfbundle; includeInIndex = 0; path = mdEditUITests.xctest; sourceTree = BUILT_PRODUCTS_DIR; };
/* End PBXFileReference section */

/* Begin PBXFileSystemSynchronizedRootGroup section */
		D2C4DD082FF6793400BBE6AD /* mdEdit */ = {
			isa = PBXFileSystemSynchronizedRootGroup;
			path = mdEdit;
			sourceTree = "<group>";
		};
		D2C4DD1B2FF6793500BBE6AD /* mdEditTests */ = {
			isa = PBXFileSystemSynchronizedRootGroup;
			path = mdEditTests;
			sourceTree = "<group>";
		};
		D2C4DD252FF6793500BBE6AD /* mdEditUITests */ = {
			isa = PBXFileSystemSynchronizedRootGroup;
			path = mdEditUITests;
			sourceTree = "<group>";
		};
/* End PBXFileSystemSynchronizedRootGroup section */

/* Begin PBXFrameworksBuildPhase section */
		D2C4DD032FF6793400BBE6AD /* Frameworks */ = {
			isa = PBXFrameworksBuildPhase;
			buildActionMask = 2147483647;
			files = (
			);
			runOnlyForDeploymentPostprocessing = 0;
		};
		D2C4DD152FF6793500BBE6AD /* Frameworks */ = {
			isa = PBXFrameworksBuildPhase;
			buildActionMask = 2147483647;
			files = (
			);
			runOnlyForDeploymentPostprocessing = 0;
		};
		D2C4DD1F2FF6793500BBE6AD /* Frameworks */ = {
			isa = PBXFrameworksBuildPhase;
			buildActionMask = 2147483647;
			files = (
			);
			runOnlyForDeploymentPostprocessing = 0;
		};
/* End PBXFrameworksBuildPhase section */

/* Begin PBXGroup section */
		D2C4DCFD2FF6793400BBE6AD = {
			isa = PBXGroup;
			children = (
				D2C4DD082FF6793400BBE6AD /* mdEdit */,
				D2C4DD1B2FF6793500BBE6AD /* mdEditTests */,
				D2C4DD252FF6793500BBE6AD /* mdEditUITests */,
				D2C4DD072FF6793400BBE6AD /* Products */,
			);
			sourceTree = "<group>";
		};
		D2C4DD072FF6793400BBE6AD /* Products */ = {
			isa = PBXGroup;
			children = (
				D2C4DD062FF6793400BBE6AD /* mdEdit.app */,
				D2C4DD182FF6793500BBE6AD /* mdEditTests.xctest */,
				D2C4DD222FF6793500BBE6AD /* mdEditUITests.xctest */,
			);
			name = Products;
			sourceTree = "<group>";
		};
/* End PBXGroup section */

/* Begin PBXNativeTarget section */
		D2C4DD052FF6793400BBE6AD /* mdEdit */ = {
			isa = PBXNativeTarget;
			buildConfigurationList = D2C4DD2C2FF6793500BBE6AD /* Build configuration list for PBXNativeTarget "mdEdit" */;
			buildPhases = (
				D2C4DD022FF6793400BBE6AD /* Sources */,
				D2C4DD032FF6793400BBE6AD /* Frameworks */,
				D2C4DD042FF6793400BBE6AD /* Resources */,
			);
			buildRules = (
			);
			dependencies = (
			);
			fileSystemSynchronizedGroups = (
				D2C4DD082FF6793400BBE6AD /* mdEdit */,
			);
			name = mdEdit;
			packageProductDependencies = (
			);
			productName = mdEdit;
			productReference = D2C4DD062FF6793400BBE6AD /* mdEdit.app */;
			productType = "com.apple.product-type.application";
		};
		D2C4DD172FF6793500BBE6AD /* mdEditTests */ = {
			isa = PBXNativeTarget;
			buildConfigurationList = D2C4DD2F2FF6793500BBE6AD /* Build configuration list for PBXNativeTarget "mdEditTests" */;
			buildPhases = (
				D2C4DD142FF6793500BBE6AD /* Sources */,
				D2C4DD152FF6793500BBE6AD /* Frameworks */,
				D2C4DD162FF6793500BBE6AD /* Resources */,
			);
			buildRules = (
			);
			dependencies = (
				D2C4DD1A2FF6793500BBE6AD /* PBXTargetDependency */,
			);
			fileSystemSynchronizedGroups = (
				D2C4DD1B2FF6793500BBE6AD /* mdEditTests */,
			);
			name = mdEditTests;
			packageProductDependencies = (
			);
			productName = mdEditTests;
			productReference = D2C4DD182FF6793500BBE6AD /* mdEditTests.xctest */;
			productType = "com.apple.product-type.bundle.unit-test";
		};
		D2C4DD212FF6793500BBE6AD /* mdEditUITests */ = {
			isa = PBXNativeTarget;
			buildConfigurationList = D2C4DD322FF6793500BBE6AD /* Build configuration list for PBXNativeTarget "mdEditUITests" */;
			buildPhases = (
				D2C4DD1E2FF6793500BBE6AD /* Sources */,
				D2C4DD1F2FF6793500BBE6AD /* Frameworks */,
				D2C4DD202FF6793500BBE6AD /* Resources */,
			);
			buildRules = (
			);
			dependencies = (
				D2C4DD242FF6793500BBE6AD /* PBXTargetDependency */,
			);
			fileSystemSynchronizedGroups = (
				D2C4DD252FF6793500BBE6AD /* mdEditUITests */,
			);
			name = mdEditUITests;
			packageProductDependencies = (
			);
			productName = mdEditUITests;
			productReference = D2C4DD222FF6793500BBE6AD /* mdEditUITests.xctest */;
			productType = "com.apple.product-type.bundle.ui-testing";
		};
/* End PBXNativeTarget section */

/* Begin PBXProject section */
		D2C4DCFE2FF6793400BBE6AD /* Project object */ = {
			isa = PBXProject;
			attributes = {
				BuildIndependentTargetsInParallel = 1;
				LastSwiftUpdateCheck = 2660;
				LastUpgradeCheck = 2660;
				TargetAttributes = {
					D2C4DD052FF6793400BBE6AD = {
						CreatedOnToolsVersion = 26.6;
					};
					D2C4DD172FF6793500BBE6AD = {
						CreatedOnToolsVersion = 26.6;
						TestTargetID = D2C4DD052FF6793400BBE6AD;
					};
					D2C4DD212FF6793500BBE6AD = {
						CreatedOnToolsVersion = 26.6;
						TestTargetID = D2C4DD052FF6793400BBE6AD;
					};
				};
			};
			buildConfigurationList = D2C4DD012FF6793400BBE6AD /* Build configuration list for PBXProject "mdEdit" */;
			developmentRegion = en;
			hasScannedForEncodings = 0;
			knownRegions = (
				en,
				Base,
			);
			mainGroup = D2C4DCFD2FF6793400BBE6AD;
			minimizedProjectReferenceProxies = 1;
			preferredProjectObjectVersion = 77;
			productRefGroup = D2C4DD072FF6793400BBE6AD /* Products */;
			projectDirPath = "";
			projectRoot = "";
			targets = (
				D2C4DD052FF6793400BBE6AD /* mdEdit */,
				D2C4DD172FF6793500BBE6AD /* mdEditTests */,
				D2C4DD212FF6793500BBE6AD /* mdEditUITests */,
			);
		};
/* End PBXProject section */

/* Begin PBXResourcesBuildPhase section */
		D2C4DD042FF6793400BBE6AD /* Resources */ = {
			isa = PBXResourcesBuildPhase;
			buildActionMask = 2147483647;
			files = (
			);
			runOnlyForDeploymentPostprocessing = 0;
		};
		D2C4DD162FF6793500BBE6AD /* Resources */ = {
			isa = PBXResourcesBuildPhase;
			buildActionMask = 2147483647;
			files = (
			);
			runOnlyForDeploymentPostprocessing = 0;
		};
		D2C4DD202FF6793500BBE6AD /* Resources */ = {
			isa = PBXResourcesBuildPhase;
			buildActionMask = 2147483647;
			files = (
			);
			runOnlyForDeploymentPostprocessing = 0;
		};
/* End PBXResourcesBuildPhase section */

/* Begin PBXSourcesBuildPhase section */
		D2C4DD022FF6793400BBE6AD /* Sources */ = {
			isa = PBXSourcesBuildPhase;
			buildActionMask = 2147483647;
			files = (
			);
			runOnlyForDeploymentPostprocessing = 0;
		};
		D2C4DD142FF6793500BBE6AD /* Sources */ = {
			isa = PBXSourcesBuildPhase;
			buildActionMask = 2147483647;
			files = (
			);
			runOnlyForDeploymentPostprocessing = 0;
		};
		D2C4DD1E2FF6793500BBE6AD /* Sources */ = {
			isa = PBXSourcesBuildPhase;
			buildActionMask = 2147483647;
			files = (
			);
			runOnlyForDeploymentPostprocessing = 0;
		};
/* End PBXSourcesBuildPhase section */

/* Begin PBXTargetDependency section */
		D2C4DD1A2FF6793500BBE6AD /* PBXTargetDependency */ = {
			isa = PBXTargetDependency;
			target = D2C4DD052FF6793400BBE6AD /* mdEdit */;
			targetProxy = D2C4DD192FF6793500BBE6AD /* PBXContainerItemProxy */;
		};
		D2C4DD242FF6793500BBE6AD /* PBXTargetDependency */ = {
			isa = PBXTargetDependency;
			target = D2C4DD052FF6793400BBE6AD /* mdEdit */;
			targetProxy = D2C4DD232FF6793500BBE6AD /* PBXContainerItemProxy */;
		};
/* End PBXTargetDependency section */

/* Begin XCBuildConfiguration section */
		D2C4DD2A2FF6793500BBE6AD /* Debug */ = {
			isa = XCBuildConfiguration;
			buildSettings = {
				ALWAYS_SEARCH_USER_PATHS = NO;
				ASSETCATALOG_COMPILER_GENERATE_SWIFT_ASSET_SYMBOL_EXTENSIONS = YES;
				CLANG_ANALYZER_NONNULL = YES;
				CLANG_ANALYZER_NUMBER_OBJECT_CONVERSION = YES_AGGRESSIVE;
				CLANG_CXX_LANGUAGE_STANDARD = "gnu++20";
				CLANG_ENABLE_MODULES = YES;
				CLANG_ENABLE_OBJC_ARC = YES;
				CLANG_ENABLE_OBJC_WEAK = YES;
				CLANG_WARN_BLOCK_CAPTURE_AUTORELEASING = YES;
				CLANG_WARN_BOOL_CONVERSION = YES;
				CLANG_WARN_COMMA = YES;
				CLANG_WARN_CONSTANT_CONVERSION = YES;
				CLANG_WARN_DEPRECATED_OBJC_IMPLEMENTATIONS = YES;
				CLANG_WARN_DIRECT_OBJC_ISA_USAGE = YES_ERROR;
				CLANG_WARN_DOCUMENTATION_COMMENTS = YES;
				CLANG_WARN_EMPTY_BODY = YES;
				CLANG_WARN_ENUM_CONVERSION = YES;
				CLANG_WARN_INFINITE_RECURSION = YES;
				CLANG_WARN_INT_CONVERSION = YES;
				CLANG_WARN_NON_LITERAL_NULL_CONVERSION = YES;
				CLANG_WARN_OBJC_IMPLICIT_RETAIN_SELF = YES;
				CLANG_WARN_OBJC_LITERAL_CONVERSION = YES;
				CLANG_WARN_OBJC_ROOT_CLASS = YES_ERROR;
				CLANG_WARN_QUOTED_INCLUDE_IN_FRAMEWORK_HEADER = YES;
				CLANG_WARN_RANGE_LOOP_ANALYSIS = YES;
				CLANG_WARN_STRICT_PROTOTYPES = YES;
				CLANG_WARN_SUSPICIOUS_MOVE = YES;
				CLANG_WARN_UNGUARDED_AVAILABILITY = YES_AGGRESSIVE;
				CLANG_WARN_UNREACHABLE_CODE = YES;
				CLANG_WARN__DUPLICATE_METHOD_MATCH = YES;
				COPY_PHASE_STRIP = NO;
				DEBUG_INFORMATION_FORMAT = dwarf;
				ENABLE_STRICT_OBJC_MSGSEND = YES;
				ENABLE_TESTABILITY = YES;
				ENABLE_USER_SCRIPT_SANDBOXING = YES;
				GCC_C_LANGUAGE_STANDARD = gnu17;
				GCC_DYNAMIC_NO_PIC = NO;
				GCC_NO_COMMON_BLOCKS = YES;
				GCC_OPTIMIZATION_LEVEL = 0;
				GCC_PREPROCESSOR_DEFINITIONS = (
					"DEBUG=1",
					"$(inherited)",
				);
				GCC_WARN_64_TO_32_BIT_CONVERSION = YES;
				GCC_WARN_ABOUT_RETURN_TYPE = YES_ERROR;
				GCC_WARN_UNDECLARED_SELECTOR = YES;
				GCC_WARN_UNINITIALIZED_AUTOS = YES_AGGRESSIVE;
				GCC_WARN_UNUSED_FUNCTION = YES;
				GCC_WARN_UNUSED_VARIABLE = YES;
				LOCALIZATION_PREFERS_STRING_CATALOGS = YES;
				MACOSX_DEPLOYMENT_TARGET = 26.5;
				MTL_ENABLE_DEBUG_INFO = INCLUDE_SOURCE;
				MTL_FAST_MATH = YES;
				ONLY_ACTIVE_ARCH = YES;
				SDKROOT = macosx;
				SWIFT_ACTIVE_COMPILATION_CONDITIONS = "DEBUG $(inherited)";
				SWIFT_OPTIMIZATION_LEVEL = "-Onone";
			};
			name = Debug;
		};
		D2C4DD2B2FF6793500BBE6AD /* Release */ = {
			isa = XCBuildConfiguration;
			buildSettings = {
				ALWAYS_SEARCH_USER_PATHS = NO;
				ASSETCATALOG_COMPILER_GENERATE_SWIFT_ASSET_SYMBOL_EXTENSIONS = YES;
				CLANG_ANALYZER_NONNULL = YES;
				CLANG_ANALYZER_NUMBER_OBJECT_CONVERSION = YES_AGGRESSIVE;
				CLANG_CXX_LANGUAGE_STANDARD = "gnu++20";
				CLANG_ENABLE_MODULES = YES;
				CLANG_ENABLE_OBJC_ARC = YES;
				CLANG_ENABLE_OBJC_WEAK = YES;
				CLANG_WARN_BLOCK_CAPTURE_AUTORELEASING = YES;
				CLANG_WARN_BOOL_CONVERSION = YES;
				CLANG_WARN_COMMA = YES;
				CLANG_WARN_CONSTANT_CONVERSION = YES;
				CLANG_WARN_DEPRECATED_OBJC_IMPLEMENTATIONS = YES;
				CLANG_WARN_DIRECT_OBJC_ISA_USAGE = YES_ERROR;
				CLANG_WARN_DOCUMENTATION_COMMENTS = YES;
				CLANG_WARN_EMPTY_BODY = YES;
				CLANG_WARN_ENUM_CONVERSION = YES;
				CLANG_WARN_INFINITE_RECURSION = YES;
				CLANG_WARN_INT_CONVERSION = YES;
				CLANG_WARN_NON_LITERAL_NULL_CONVERSION = YES;
				CLANG_WARN_OBJC_IMPLICIT_RETAIN_SELF = YES;
				CLANG_WARN_OBJC_LITERAL_CONVERSION = YES;
				CLANG_WARN_OBJC_ROOT_CLASS = YES_ERROR;
				CLANG_WARN_QUOTED_INCLUDE_IN_FRAMEWORK_HEADER = YES;
				CLANG_WARN_RANGE_LOOP_ANALYSIS = YES;
				CLANG_WARN_STRICT_PROTOTYPES = YES;
				CLANG_WARN_SUSPICIOUS_MOVE = YES;
				CLANG_WARN_UNGUARDED_AVAILABILITY = YES_AGGRESSIVE;
				CLANG_WARN_UNREACHABLE_CODE = YES;
				CLANG_WARN__DUPLICATE_METHOD_MATCH = YES;
				COPY_PHASE_STRIP = NO;
				DEBUG_INFORMATION_FORMAT = "dwarf-with-dsym";
				ENABLE_NS_ASSERTIONS = NO;
				ENABLE_STRICT_OBJC_MSGSEND = YES;
				ENABLE_USER_SCRIPT_SANDBOXING = YES;
				GCC_C_LANGUAGE_STANDARD = gnu17;
				GCC_NO_COMMON_BLOCKS = YES;
				GCC_WARN_64_TO_32_BIT_CONVERSION = YES;
				GCC_WARN_ABOUT_RETURN_TYPE = YES_ERROR;
				GCC_WARN_UNDECLARED_SELECTOR = YES;
				GCC_WARN_UNINITIALIZED_AUTOS = YES_AGGRESSIVE;
				GCC_WARN_UNUSED_FUNCTION = YES;
				GCC_WARN_UNUSED_VARIABLE = YES;
				LOCALIZATION_PREFERS_STRING_CATALOGS = YES;
				MACOSX_DEPLOYMENT_TARGET = 26.5;
				MTL_ENABLE_DEBUG_INFO = NO;
				MTL_FAST_MATH = YES;
				SDKROOT = macosx;
				SWIFT_COMPILATION_MODE = wholemodule;
			};
			name = Release;
		};
		D2C4DD2D2FF6793500BBE6AD /* Debug */ = {
			isa = XCBuildConfiguration;
			buildSettings = {
				ASSETCATALOG_COMPILER_APPICON_NAME = mdedit;
				ASSETCATALOG_COMPILER_GLOBAL_ACCENT_COLOR_NAME = AccentColor;
				CODE_SIGN_STYLE = Automatic;
				COMBINE_HIDPI_IMAGES = YES;
				CURRENT_PROJECT_VERSION = 1;
				ENABLE_APP_SANDBOX = NO;
				ENABLE_PREVIEWS = YES;
				ENABLE_USER_SELECTED_FILES = readwrite;
				GENERATE_INFOPLIST_FILE = YES;
				INFOPLIST_FILE = Info.plist;
				INFOPLIST_KEY_NSHumanReadableCopyright = "";
				LD_RUNPATH_SEARCH_PATHS = (
					"$(inherited)",
					"@executable_path/../Frameworks",
				);
				MARKETING_VERSION = 1.0;
				PRODUCT_BUNDLE_IDENTIFIER = com.lyr3.mdEdit;
				PRODUCT_NAME = "$(TARGET_NAME)";
				REGISTER_APP_GROUPS = YES;
				STRING_CATALOG_GENERATE_SYMBOLS = YES;
				SWIFT_APPROACHABLE_CONCURRENCY = YES;
				SWIFT_DEFAULT_ACTOR_ISOLATION = MainActor;
				SWIFT_EMIT_LOC_STRINGS = YES;
				SWIFT_UPCOMING_FEATURE_MEMBER_IMPORT_VISIBILITY = YES;
				SWIFT_VERSION = 5.0;
			};
			name = Debug;
		};
		D2C4DD2E2FF6793500BBE6AD /* Release */ = {
			isa = XCBuildConfiguration;
			buildSettings = {
				ASSETCATALOG_COMPILER_APPICON_NAME = mdedit;
				ASSETCATALOG_COMPILER_GLOBAL_ACCENT_COLOR_NAME = AccentColor;
				CODE_SIGN_STYLE = Automatic;
				COMBINE_HIDPI_IMAGES = YES;
				CURRENT_PROJECT_VERSION = 1;
				ENABLE_APP_SANDBOX = NO;
				ENABLE_PREVIEWS = YES;
				ENABLE_USER_SELECTED_FILES = readwrite;
				GENERATE_INFOPLIST_FILE = YES;
				INFOPLIST_FILE = Info.plist;
				INFOPLIST_KEY_NSHumanReadableCopyright = "";
				LD_RUNPATH_SEARCH_PATHS = (
					"$(inherited)",
					"@executable_path/../Frameworks",
				);
				MARKETING_VERSION = 1.0;
				PRODUCT_BUNDLE_IDENTIFIER = com.lyr3.mdEdit;
				PRODUCT_NAME = "$(TARGET_NAME)";
				REGISTER_APP_GROUPS = YES;
				STRING_CATALOG_GENERATE_SYMBOLS = YES;
				SWIFT_APPROACHABLE_CONCURRENCY = YES;
				SWIFT_DEFAULT_ACTOR_ISOLATION = MainActor;
				SWIFT_EMIT_LOC_STRINGS = YES;
				SWIFT_UPCOMING_FEATURE_MEMBER_IMPORT_VISIBILITY = YES;
				SWIFT_VERSION = 5.0;
			};
			name = Release;
		};
		D2C4DD302FF6793500BBE6AD /* Debug */ = {
			isa = XCBuildConfiguration;
			buildSettings = {
				BUNDLE_LOADER = "$(TEST_HOST)";
				CODE_SIGN_STYLE = Automatic;
				CURRENT_PROJECT_VERSION = 1;
				GENERATE_INFOPLIST_FILE = YES;
				MACOSX_DEPLOYMENT_TARGET = 26.5;
				MARKETING_VERSION = 1.0;
				PRODUCT_BUNDLE_IDENTIFIER = com.lyr3.mdEditTests;
				PRODUCT_NAME = "$(TARGET_NAME)";
				STRING_CATALOG_GENERATE_SYMBOLS = NO;
				SWIFT_APPROACHABLE_CONCURRENCY = YES;
				SWIFT_EMIT_LOC_STRINGS = NO;
				SWIFT_UPCOMING_FEATURE_MEMBER_IMPORT_VISIBILITY = YES;
				SWIFT_VERSION = 5.0;
				TEST_HOST = "$(BUILT_PRODUCTS_DIR)/mdEdit.app/$(BUNDLE_EXECUTABLE_FOLDER_PATH)/mdEdit";
			};
			name = Debug;
		};
		D2C4DD312FF6793500BBE6AD /* Release */ = {
			isa = XCBuildConfiguration;
			buildSettings = {
				BUNDLE_LOADER = "$(TEST_HOST)";
				CODE_SIGN_STYLE = Automatic;
				CURRENT_PROJECT_VERSION = 1;
				GENERATE_INFOPLIST_FILE = YES;
				MACOSX_DEPLOYMENT_TARGET = 26.5;
				MARKETING_VERSION = 1.0;
				PRODUCT_BUNDLE_IDENTIFIER = com.lyr3.mdEditTests;
				PRODUCT_NAME = "$(TARGET_NAME)";
				STRING_CATALOG_GENERATE_SYMBOLS = NO;
				SWIFT_APPROACHABLE_CONCURRENCY = YES;
				SWIFT_EMIT_LOC_STRINGS = NO;
				SWIFT_UPCOMING_FEATURE_MEMBER_IMPORT_VISIBILITY = YES;
				SWIFT_VERSION = 5.0;
				TEST_HOST = "$(BUILT_PRODUCTS_DIR)/mdEdit.app/$(BUNDLE_EXECUTABLE_FOLDER_PATH)/mdEdit";
			};
			name = Release;
		};
		D2C4DD332FF6793500BBE6AD /* Debug */ = {
			isa = XCBuildConfiguration;
			buildSettings = {
				CODE_SIGN_STYLE = Automatic;
				CURRENT_PROJECT_VERSION = 1;
				GENERATE_INFOPLIST_FILE = YES;
				MARKETING_VERSION = 1.0;
				PRODUCT_BUNDLE_IDENTIFIER = com.lyr3.mdEditUITests;
				PRODUCT_NAME = "$(TARGET_NAME)";
				STRING_CATALOG_GENERATE_SYMBOLS = NO;
				SWIFT_APPROACHABLE_CONCURRENCY = YES;
				SWIFT_EMIT_LOC_STRINGS = NO;
				SWIFT_UPCOMING_FEATURE_MEMBER_IMPORT_VISIBILITY = YES;
				SWIFT_VERSION = 5.0;
				TEST_TARGET_NAME = mdEdit;
			};
			name = Debug;
		};
		D2C4DD342FF6793500BBE6AD /* Release */ = {
			isa = XCBuildConfiguration;
			buildSettings = {
				CODE_SIGN_STYLE = Automatic;
				CURRENT_PROJECT_VERSION = 1;
				GENERATE_INFOPLIST_FILE = YES;
				MARKETING_VERSION = 1.0;
				PRODUCT_BUNDLE_IDENTIFIER = com.lyr3.mdEditUITests;
				PRODUCT_NAME = "$(TARGET_NAME)";
				STRING_CATALOG_GENERATE_SYMBOLS = NO;
				SWIFT_APPROACHABLE_CONCURRENCY = YES;
				SWIFT_EMIT_LOC_STRINGS = NO;
				SWIFT_UPCOMING_FEATURE_MEMBER_IMPORT_VISIBILITY = YES;
				SWIFT_VERSION = 5.0;
				TEST_TARGET_NAME = mdEdit;
			};
			name = Release;
		};
/* End XCBuildConfiguration section */

/* Begin XCConfigurationList section */
		D2C4DD012FF6793400BBE6AD /* Build configuration list for PBXProject "mdEdit" */ = {
			isa = XCConfigurationList;
			buildConfigurations = (
				D2C4DD2A2FF6793500BBE6AD /* Debug */,
				D2C4DD2B2FF6793500BBE6AD /* Release */,
			);
			defaultConfigurationIsVisible = 0;
			defaultConfigurationName = Release;
		};
		D2C4DD2C2FF6793500BBE6AD /* Build configuration list for PBXNativeTarget "mdEdit" */ = {
			isa = XCConfigurationList;
			buildConfigurations = (
				D2C4DD2D2FF6793500BBE6AD /* Debug */,
				D2C4DD2E2FF6793500BBE6AD /* Release */,
			);
			defaultConfigurationIsVisible = 0;
			defaultConfigurationName = Release;
		};
		D2C4DD2F2FF6793500BBE6AD /* Build configuration list for PBXNativeTarget "mdEditTests" */ = {
			isa = XCConfigurationList;
			buildConfigurations = (
				D2C4DD302FF6793500BBE6AD /* Debug */,
				D2C4DD312FF6793500BBE6AD /* Release */,
			);
			defaultConfigurationIsVisible = 0;
			defaultConfigurationName = Release;
		};
		D2C4DD322FF6793500BBE6AD /* Build configuration list for PBXNativeTarget "mdEditUITests" */ = {
			isa = XCConfigurationList;
			buildConfigurations = (
				D2C4DD332FF6793500BBE6AD /* Debug */,
				D2C4DD342FF6793500BBE6AD /* Release */,
			);
			defaultConfigurationIsVisible = 0;
			defaultConfigurationName = Release;
		};
/* End XCConfigurationList section */
	};
	rootObject = D2C4DCFE2FF6793400BBE6AD /* Project object */;
}
